
Microsoft Visual Studio Solution File, Format Version 12.00
# Visual Studio Version 16
VisualStudioVersion = 16.0.30320.27
MinimumVisualStudioVersion = 10.0.40219.1
Project("{FAE04EC0-301F-11D3-BF4B-00C04F79EFBC}") = "AverageArray", "AverageArray.csproj", "{CA2DF378-AA1A-4FF6-9B5E-065337F2488D}"
EndProject
Global
	GlobalSection(SolutionConfigurationPlatforms) = preSolution
		Debug|Any CPU = Debug|Any CPU
		Release|Any CPU = Release|Any CPU
	EndGlobalSection
	GlobalSection(ProjectConfigurationPlatforms) = postSolution
		{CA2DF378-AA1A-4FF6-9B5E-065337F2488D}.Debug|Any CPU.ActiveCfg = Debug|Any CPU
		{CA2DF378-AA1A-4FF6-9B5E-065337F2488D}.Debug|Any CPU.Build.0 = Debug|Any CPU
		{CA2DF378-AA1A-4FF6-9B5E-065337F2488D}.Release|Any CPU.ActiveCfg = Release|Any CPU
		{CA2DF378-AA1A-4FF6-9B5E-065337F2488D}.Release|Any CPU.Build.0 = Release|Any CPU
	EndGlobalSection
	GlobalSection(SolutionProperties) = preSolution
		HideSolutionNode = FALSE
	EndGlobalSection
	GlobalSection(ExtensibilityGlobals) = postSolution
		SolutionGuid = {88354BD6-BCCA-46D6-93BF-220326796DD3}
	EndGlobalSection
EndGlobal
